// !$*UTF8*$!
{
	archiveVersion = 1;
	classes = {
	};
	objectVersion = 50;
	objects = {

/* Begin PBXBuildFile section */
		8738115A26D5541F003382CD /* AppDelegate.swift in Sources */ = {isa = PBXBuildFile; fileRef = 8738115926D5541F003382CD /* AppDelegate.swift */; };
		8738115C26D5541F003382CD /* SceneDelegate.swift in Sources */ = {isa = PBXBuildFile; fileRef = 8738115B26D5541F003382CD /* SceneDelegate.swift */; };
		8738115E26D5541F003382CD /* ViewController.swift in Sources */ = {isa = PBXBuildFile; fileRef = 8738115D26D5541F003382CD /* ViewController.swift */; };
		8738116126D5541F003382CD /* Main.storyboard in Resources */ = {isa = PBXBuildFile; fileRef = 8738115F26D5541F003382CD /* Main.storyboard */; };
		8738116326D55420003382CD /* Assets.xcassets in Resources */ = {isa = PBXBuildFile; fileRef = 8738116226D55420003382CD /* Assets.xcassets */; };
		8738116626D55420003382CD /* LaunchScreen.storyboard in Resources */ = {isa = PBXBuildFile; fileRef = 8738116426D55420003382CD /* LaunchScreen.storyboard */; };
		8758796F26D55E62004AC61B /* ProfileView.xib in Resources */ = {isa = PBXBuildFile; fileRef = 8758796E26D55E62004AC61B /* ProfileView.xib */; };
		8758797126D56142004AC61B /* ProfileView.swift in Sources */ = {isa = PBXBuildFile; fileRef = 8758797026D56142004AC61B /* ProfileView.swift */; };
/* End PBXBuildFile section */

/* Begin PBXFileReference section */
		8738115626D5541F003382CD /* NavigationNetology.app */ = {isa = PBXFileReference; explicitFileType = wrapper.application; includeInIndex = 0; path = NavigationNetology.app; sourceTree = BUILT_PRODUCTS_DIR; };
		8738115926D5541F003382CD /* AppDelegate.swift */ = {isa = PBXFileReference; lastKnownFileType = sourcecode.swift; path = AppDelegate.swift; sourceTree = "<group>"; };
		8738115B26D5541F003382CD /* SceneDelegate.swift */ = {isa = PBXFileReference; lastKnownFileType = sourcecode.swift; path = SceneDelegate.swift; sourceTree = "<group>"; };
		8738115D26D5541F003382CD /* ViewController.swift */ = {isa = PBXFileReference; lastKnownFileType = sourcecode.swift; path = ViewController.swift; sourceTree = "<group>"; };
		8738116026D5541F003382CD /* Base */ = {isa = PBXFileReference; lastKnownFileType = file.storyboard; name = Base; path = Base.lproj/Main.storyboard; sourceTree = "<group>"; };
		8738116226D55420003382CD /* Assets.xcassets */ = {isa = PBXFileReference; lastKnownFileType = folder.assetcatalog; path = Assets.xcassets; sourceTree = "<group>"; };
		8738116526D55420003382CD /* Base */ = {isa = PBXFileReference; lastKnownFileType = file.storyboard; name = Base; path = Base.lproj/LaunchScreen.storyboard; sourceTree = "<group>"; };
		8738116726D55420003382CD /* Info.plist */ = {isa = PBXFileReference; lastKnownFileType = text.plist.xml; path = Info.plist; sourceTree = "<group>"; };
		8758796E26D55E62004AC61B /* ProfileView.xib */ = {isa = PBXFileReference; lastKnownFileType = file.xib; path = ProfileView.xib; sourceTree = "<group>"; };
		8758797026D56142004AC61B /* ProfileView.swift */ = {isa = PBXFileReference; lastKnownFileType = sourcecode.swift; path = ProfileView.swift; sourceTree = "<group>"; };
/* End PBXFileReference section */

/* Begin PBXFrameworksBuildPhase section */
		8738115326D5541F003382CD /* Frameworks */ = {
			isa = PBXFrameworksBuildPhase;
			buildActionMask = 2147483647;
			files = (
			);
			runOnlyForDeploymentPostprocessing = 0;
		};
/* End PBXFrameworksBuildPhase section */

/* Begin PBXGroup section */
		8738114D26D5541F003382CD = {
			isa = PBXGroup;
			children = (
				8738115826D5541F003382CD /* NavigationNetology */,
				8738115726D5541F003382CD /* Products */,
			);
			sourceTree = "<group>";
		};
		8738115726D5541F003382CD /* Products */ = {
			isa = PBXGroup;
			children = (
				8738115626D5541F003382CD /* NavigationNetology.app */,
			);
			name = Products;
			sourceTree = "<group>";
		};
		8738115826D5541F003382CD /* NavigationNetology */ = {
			isa = PBXGroup;
			children = (
				8738115926D5541F003382CD /* AppDelegate.swift */,
				8738115B26D5541F003382CD /* SceneDelegate.swift */,
				8738115D26D5541F003382CD /* ViewController.swift */,
				8758797026D56142004AC61B /* ProfileView.swift */,
				8738115F26D5541F003382CD /* Main.storyboard */,
				8758797226D56255004AC61B /* Resources */,
			);
			path = NavigationNetology;
			sourceTree = "<group>";
		};
		8758797226D56255004AC61B /* Resources */ = {
			isa = PBXGroup;
			children = (
				8758796E26D55E62004AC61B /* ProfileView.xib */,
				8738116426D55420003382CD /* LaunchScreen.storyboard */,
				8738116226D55420003382CD /* Assets.xcassets */,
				8738116726D55420003382CD /* Info.plist */,
			);
			path = Resources;
			sourceTree = "<group>";
		};
/* End PBXGroup section */

/* Begin PBXNativeTarget section */
		8738115526D5541F003382CD /* NavigationNetology */ = {
			isa = PBXNativeTarget;
			buildConfigurationList = 8738116A26D55420003382CD /* Build configuration list for PBXNativeTarget "NavigationNetology" */;
			buildPhases = (
				8738115226D5541F003382CD /* Sources */,
				8738115326D5541F003382CD /* Frameworks */,
				8738115426D5541F003382CD /* Resources */,
			);
			buildRules = (
			);
			dependencies = (
			);
			name = NavigationNetology;
			productName = NavigationNetology;
			productReference = 8738115626D5541F003382CD /* NavigationNetology.app */;
			productType = "com.apple.product-type.application";
		};
/* End PBXNativeTarget section */

/* Begin PBXProject section */
		8738114E26D5541F003382CD /* Project object */ = {
			isa = PBXProject;
			attributes = {
				LastSwiftUpdateCheck = 1250;
				LastUpgradeCheck = 1250;
				TargetAttributes = {
					8738115526D5541F003382CD = {
						CreatedOnToolsVersion = 12.5.1;
					};
				};
			};
			buildConfigurationList = 8738115126D5541F003382CD /* Build configuration list for PBXProject "NavigationNetology" */;
			compatibilityVersion = "Xcode 9.3";
			developmentRegion = en;
			hasScannedForEncodings = 0;
			knownRegions = (
				en,
				Base,
			);
			mainGroup = 8738114D26D5541F003382CD;
			productRefGroup = 8738115726D5541F003382CD /* Products */;
			projectDirPath = "";
			projectRoot = "";
			targets = (
				8738115526D5541F003382CD /* NavigationNetology */,
			);
		};
/* End PBXProject section */

/* Begin PBXResourcesBuildPhase section */
		8738115426D5541F003382CD /* Resources */ = {
			isa = PBXResourcesBuildPhase;
			buildActionMask = 2147483647;
			files = (
				8758796F26D55E62004AC61B /* ProfileView.xib in Resources */,
				8738116626D55420003382CD /* LaunchScreen.storyboard in Resources */,
				8738116326D55420003382CD /* Assets.xcassets in Resources */,
				8738116126D5541F003382CD /* Main.storyboard in Resources */,
			);
			runOnlyForDeploymentPostprocessing = 0;
		};
/* End PBXResourcesBuildPhase section */

/* Begin PBXSourcesBuildPhase section */
		8738115226D5541F003382CD /* Sources */ = {
			isa = PBXSourcesBuildPhase;
			buildActionMask = 2147483647;
			files = (
				8758797126D56142004AC61B /* ProfileView.swift in Sources */,
				8738115E26D5541F003382CD /* ViewController.swift in Sources */,
				8738115A26D5541F003382CD /* AppDelegate.swift in Sources */,
				8738115C26D5541F003382CD /* SceneDelegate.swift in Sources */,
			);
			runOnlyForDeploymentPostprocessing = 0;
		};
/* End PBXSourcesBuildPhase section */

/* Begin PBXVariantGroup section */
		8738115F26D5541F003382CD /* Main.storyboard */ = {
			isa = PBXVariantGroup;
			children = (
				8738116026D5541F003382CD /* Base */,
			);
			name = Main.storyboard;
			sourceTree = "<group>";
		};
		8738116426D55420003382CD /* LaunchScreen.storyboard */ = {
			isa = PBXVariantGroup;
			children = (
				8738116526D55420003382CD /* Base */,
			);
			name = LaunchScreen.storyboard;
			sourceTree = "<group>";
		};
/* End PBXVariantGroup section */

/* Begin XCBuildConfiguration section */
		8738116826D55420003382CD /* Debug */ = {
			isa = XCBuildConfiguration;
			buildSettings = {
				ALWAYS_SEARCH_USER_PATHS = NO;
				CLANG_ANALYZER_NONNULL = YES;
				CLANG_ANALYZER_NUMBER_OBJECT_CONVERSION = YES_AGGRESSIVE;
				CLANG_CXX_LANGUAGE_STANDARD = "gnu++14";
				CLANG_CXX_LIBRARY = "libc++";
				CLANG_ENABLE_MODULES = YES;
				CLANG_ENABLE_OBJC_ARC = YES;
				CLANG_ENABLE_OBJC_WEAK = YES;
				CLANG_WARN_BLOCK_CAPTURE_AUTORELEASING = YES;
				CLANG_WARN_BOOL_CONVERSION = YES;
				CLANG_WARN_COMMA = YES;
				CLANG_WARN_CONSTANT_CONVERSION = YES;
				CLANG_WARN_DEPRECATED_OBJC_IMPLEMENTATIONS = YES;
				CLANG_WARN_DIRECT_OBJC_ISA_USAGE = YES_ERROR;
				CLANG_WARN_DOCUMENTATION_COMMENTS = YES;
				CLANG_WARN_EMPTY_BODY = YES;
				CLANG_WARN_ENUM_CONVERSION = YES;
				CLANG_WARN_INFINITE_RECURSION = YES;
				CLANG_WARN_INT_CONVERSION = YES;
				CLANG_WARN_NON_LITERAL_NULL_CONVERSION = YES;
				CLANG_WARN_OBJC_IMPLICIT_RETAIN_SELF = YES;
				CLANG_WARN_OBJC_LITERAL_CONVERSION = YES;
				CLANG_WARN_OBJC_ROOT_CLASS = YES_ERROR;
				CLANG_WARN_QUOTED_INCLUDE_IN_FRAMEWORK_HEADER = YES;
				CLANG_WARN_RANGE_LOOP_ANALYSIS = YES;
				CLANG_WARN_STRICT_PROTOTYPES = YES;
				CLANG_WARN_SUSPICIOUS_MOVE = YES;
				CLANG_WARN_UNGUARDED_AVAILABILITY = YES_AGGRESSIVE;
				CLANG_WARN_UNREACHABLE_CODE = YES;
				CLANG_WARN__DUPLICATE_METHOD_MATCH = YES;
				COPY_PHASE_STRIP = NO;
				DEBUG_INFORMATION_FORMAT = dwarf;
				ENABLE_STRICT_OBJC_MSGSEND = YES;
				ENABLE_TESTABILITY = YES;
				GCC_C_LANGUAGE_STANDARD = gnu11;
				GCC_DYNAMIC_NO_PIC = NO;
				GCC_NO_COMMON_BLOCKS = YES;
				GCC_OPTIMIZATION_LEVEL = 0;
				GCC_PREPROCESSOR_DEFINITIONS = (
					"DEBUG=1",
					"$(inherited)",
				);
				GCC_WARN_64_TO_32_BIT_CONVERSION = YES;
				GCC_WARN_ABOUT_RETURN_TYPE = YES_ERROR;
				GCC_WARN_UNDECLARED_SELECTOR = YES;
				GCC_WARN_UNINITIALIZED_AUTOS = YES_AGGRESSIVE;
				GCC_WARN_UNUSED_FUNCTION = YES;
				GCC_WARN_UNUSED_VARIABLE = YES;
				IPHONEOS_DEPLOYMENT_TARGET = 14.5;
				MTL_ENABLE_DEBUG_INFO = INCLUDE_SOURCE;
				MTL_FAST_MATH = YES;
				ONLY_ACTIVE_ARCH = YES;
				SDKROOT = iphoneos;
				SWIFT_ACTIVE_COMPILATION_CONDITIONS = DEBUG;
				SWIFT_OPTIMIZATION_LEVEL = "-Onone";
			};
			name = Debug;
		};
		8738116926D55420003382CD /* Release */ = {
			isa = XCBuildConfiguration;
			buildSettings = {
				ALWAYS_SEARCH_USER_PATHS = NO;
				CLANG_ANALYZER_NONNULL = YES;
				CLANG_ANALYZER_NUMBER_OBJECT_CONVERSION = YES_AGGRESSIVE;
				CLANG_CXX_LANGUAGE_STANDARD = "gnu++14";
				CLANG_CXX_LIBRARY = "libc++";
				CLANG_ENABLE_MODULES = YES;
				CLANG_ENABLE_OBJC_ARC = YES;
				CLANG_ENABLE_OBJC_WEAK = YES;
				CLANG_WARN_BLOCK_CAPTURE_AUTORELEASING = YES;
				CLANG_WARN_BOOL_CONVERSION = YES;
				CLANG_WARN_COMMA = YES;
				CLANG_WARN_CONSTANT_CONVERSION = YES;
				CLANG_WARN_DEPRECATED_OBJC_IMPLEMENTATIONS = YES;
				CLANG_WARN_DIRECT_OBJC_ISA_USAGE = YES_ERROR;
				CLANG_WARN_DOCUMENTATION_COMMENTS = YES;
				CLANG_WARN_EMPTY_BODY = YES;
				CLANG_WARN_ENUM_CONVERSION = YES;
				CLANG_WARN_INFINITE_RECURSION = YES;
				CLANG_WARN_INT_CONVERSION = YES;
				CLANG_WARN_NON_LITERAL_NULL_CONVERSION = YES;
				CLANG_WARN_OBJC_IMPLICIT_RETAIN_SELF = YES;
				CLANG_WARN_OBJC_LITERAL_CONVERSION = YES;
				CLANG_WARN_OBJC_ROOT_CLASS = YES_ERROR;
				CLANG_WARN_QUOTED_INCLUDE_IN_FRAMEWORK_HEADER = YES;
				CLANG_WARN_RANGE_LOOP_ANALYSIS = YES;
				CLANG_WARN_STRICT_PROTOTYPES = YES;
				CLANG_WARN_SUSPICIOUS_MOVE = YES;
				CLANG_WARN_UNGUARDED_AVAILABILITY = YES_AGGRESSIVE;
				CLANG_WARN_UNREACHABLE_CODE = YES;
				CLANG_WARN__DUPLICATE_METHOD_MATCH = YES;
				COPY_PHASE_STRIP = NO;
				DEBUG_INFORMATION_FORMAT = "dwarf-with-dsym";
				ENABLE_NS_ASSERTIONS = NO;
				ENABLE_STRICT_OBJC_MSGSEND = YES;
				GCC_C_LANGUAGE_STANDARD = gnu11;
				GCC_NO_COMMON_BLOCKS = YES;
				GCC_WARN_64_TO_32_BIT_CONVERSION = YES;
				GCC_WARN_ABOUT_RETURN_TYPE = YES_ERROR;
				GCC_WARN_UNDECLARED_SELECTOR = YES;
				GCC_WARN_UNINITIALIZED_AUTOS = YES_AGGRESSIVE;
				GCC_WARN_UNUSED_FUNCTION = YES;
				GCC_WARN_UNUSED_VARIABLE = YES;
				IPHONEOS_DEPLOYMENT_TARGET = 14.5;
				MTL_ENABLE_DEBUG_INFO = NO;
				MTL_FAST_MATH = YES;
				SDKROOT = iphoneos;
				SWIFT_COMPILATION_MODE = wholemodule;
				SWIFT_OPTIMIZATION_LEVEL = "-O";
				VALIDATE_PRODUCT = YES;
			};
			name = Release;
		};
		8738116B26D55420003382CD /* Debug */ = {
			isa = XCBuildConfiguration;
			buildSettings = {
				ASSETCATALOG_COMPILER_APPICON_NAME = AppIcon;
				ASSETCATALOG_COMPILER_GLOBAL_ACCENT_COLOR_NAME = AccentColor;
				CODE_SIGN_STYLE = Automatic;
				DEVELOPMENT_TEAM = K8942AUGSZ;
				INFOPLIST_FILE = NavigationNetology/Info.plist;
				LD_RUNPATH_SEARCH_PATHS = (
					"$(inherited)",
					"@executable_path/Frameworks",
				);
				PRODUCT_BUNDLE_IDENTIFIER = AstanovLLC.NavigationNetology;
				PRODUCT_NAME = "$(TARGET_NAME)";
				SWIFT_VERSION = 5.0;
				TARGETED_DEVICE_FAMILY = "1,2";
			};
			name = Debug;
		};
		8738116C26D55420003382CD /* Release */ = {
			isa = XCBuildConfiguration;
			buildSettings = {
				ASSETCATALOG_COMPILER_APPICON_NAME = AppIcon;
				ASSETCATALOG_COMPILER_GLOBAL_ACCENT_COLOR_NAME = AccentColor;
				CODE_SIGN_STYLE = Automatic;
				DEVELOPMENT_TEAM = K8942AUGSZ;
				INFOPLIST_FILE = NavigationNetology/Info.plist;
				LD_RUNPATH_SEARCH_PATHS = (
					"$(inherited)",
					"@executable_path/Frameworks",
				);
				PRODUCT_BUNDLE_IDENTIFIER = AstanovLLC.NavigationNetology;
				PRODUCT_NAME = "$(TARGET_NAME)";
				SWIFT_VERSION = 5.0;
				TARGETED_DEVICE_FAMILY = "1,2";
			};
			name = Release;
		};
/* End XCBuildConfiguration section */

/* Begin XCConfigurationList section */
		8738115126D5541F003382CD /* Build configuration list for PBXProject "NavigationNetology" */ = {
			isa = XCConfigurationList;
			buildConfigurations = (
				8738116826D55420003382CD /* Debug */,
				8738116926D55420003382CD /* Release */,
			);
			defaultConfigurationIsVisible = 0;
			defaultConfigurationName = Release;
		};
		8738116A26D55420003382CD /* Build configuration list for PBXNativeTarget "NavigationNetology" */ = {
			isa = XCConfigurationList;
			buildConfigurations = (
				8738116B26D55420003382CD /* Debug */,
				8738116C26D55420003382CD /* Release */,
			);
			defaultConfigurationIsVisible = 0;
			defaultConfigurationName = Release;
		};
/* End XCConfigurationList section */
	};
	rootObject = 8738114E26D5541F003382CD /* Project object */;
}
